
Microsoft Visual Studio Solution File, Format Version 12.00
# Visual Studio 2013
VisualStudioVersion = 12.0.31101.0
MinimumVisualStudioVersion = 10.0.40219.1
Project("{FAE04EC0-301F-11D3-BF4B-00C04F79EFBC}") = "ChainOfResponsibility", "ChainOfResponsibility\ChainOfResponsibility.csproj", "{025EB280-D621-4CC7-AE71-AD0FA769F297}"
EndProject
Project("{FAE04EC0-301F-11D3-BF4B-00C04F79EFBC}") = "ZTry", "Try\ZTry.csproj", "{D504B2A5-5783-4236-9C85-1433704941FC}"
EndProject
Project("{FAE04EC0-301F-11D3-BF4B-00C04F79EFBC}") = "Mediator", "Mediator\Mediator.csproj", "{0F30FD38-0068-4D63-865C-0DECE03BFA9B}"
EndProject
Project("{FAE04EC0-301F-11D3-BF4B-00C04F79EFBC}") = "Memento", "Memento\Memento.csproj", "{443C1F34-247B-437F-ACA7-2BF69451C313}"
EndProject
Project("{FAE04EC0-301F-11D3-BF4B-00C04F79EFBC}") = "State", "State\State.csproj", "{FDFF38D0-C03E-47B4-86FA-12AEA21D4375}"
EndProject
Project("{FAE04EC0-301F-11D3-BF4B-00C04F79EFBC}") = "Strategy", "Strategy\Strategy.csproj", "{B20585CA-EE9E-47A5-A698-87C76629DADB}"
EndProject
Project("{FAE04EC0-301F-11D3-BF4B-00C04F79EFBC}") = "Visitor", "Visitor\Visitor.csproj", "{C33E33C5-76D1-4224-911B-FAC6A7CE9366}"
EndProject
Project("{FAE04EC0-301F-11D3-BF4B-00C04F79EFBC}") = "Command", "Command\Command.csproj", "{8B4E3E5F-9EBA-403E-AB6E-BD7F1856599D}"
EndProject
Global
	GlobalSection(SolutionConfigurationPlatforms) = preSolution
		Debug|Any CPU = Debug|Any CPU
		Release|Any CPU = Release|Any CPU
	EndGlobalSection
	GlobalSection(ProjectConfigurationPlatforms) = postSolution
		{025EB280-D621-4CC7-AE71-AD0FA769F297}.Debug|Any CPU.ActiveCfg = Debug|Any CPU
		{025EB280-D621-4CC7-AE71-AD0FA769F297}.Debug|Any CPU.Build.0 = Debug|Any CPU
		{025EB280-D621-4CC7-AE71-AD0FA769F297}.Release|Any CPU.ActiveCfg = Release|Any CPU
		{025EB280-D621-4CC7-AE71-AD0FA769F297}.Release|Any CPU.Build.0 = Release|Any CPU
		{D504B2A5-5783-4236-9C85-1433704941FC}.Debug|Any CPU.ActiveCfg = Debug|Any CPU
		{D504B2A5-5783-4236-9C85-1433704941FC}.Debug|Any CPU.Build.0 = Debug|Any CPU
		{D504B2A5-5783-4236-9C85-1433704941FC}.Release|Any CPU.ActiveCfg = Release|Any CPU
		{D504B2A5-5783-4236-9C85-1433704941FC}.Release|Any CPU.Build.0 = Release|Any CPU
		{0F30FD38-0068-4D63-865C-0DECE03BFA9B}.Debug|Any CPU.ActiveCfg = Debug|Any CPU
		{0F30FD38-0068-4D63-865C-0DECE03BFA9B}.Debug|Any CPU.Build.0 = Debug|Any CPU
		{0F30FD38-0068-4D63-865C-0DECE03BFA9B}.Release|Any CPU.ActiveCfg = Release|Any CPU
		{0F30FD38-0068-4D63-865C-0DECE03BFA9B}.Release|Any CPU.Build.0 = Release|Any CPU
		{443C1F34-247B-437F-ACA7-2BF69451C313}.Debug|Any CPU.ActiveCfg = Debug|Any CPU
		{443C1F34-247B-437F-ACA7-2BF69451C313}.Debug|Any CPU.Build.0 = Debug|Any CPU
		{443C1F34-247B-437F-ACA7-2BF69451C313}.Release|Any CPU.ActiveCfg = Release|Any CPU
		{443C1F34-247B-437F-ACA7-2BF69451C313}.Release|Any CPU.Build.0 = Release|Any CPU
		{FDFF38D0-C03E-47B4-86FA-12AEA21D4375}.Debug|Any CPU.ActiveCfg = Debug|Any CPU
		{FDFF38D0-C03E-47B4-86FA-12AEA21D4375}.Debug|Any CPU.Build.0 = Debug|Any CPU
		{FDFF38D0-C03E-47B4-86FA-12AEA21D4375}.Release|Any CPU.ActiveCfg = Release|Any CPU
		{FDFF38D0-C03E-47B4-86FA-12AEA21D4375}.Release|Any CPU.Build.0 = Release|Any CPU
		{B20585CA-EE9E-47A5-A698-87C76629DADB}.Debug|Any CPU.ActiveCfg = Debug|Any CPU
		{B20585CA-EE9E-47A5-A698-87C76629DADB}.Debug|Any CPU.Build.0 = Debug|Any CPU
		{B20585CA-EE9E-47A5-A698-87C76629DADB}.Release|Any CPU.ActiveCfg = Release|Any CPU
		{B20585CA-EE9E-47A5-A698-87C76629DADB}.Release|Any CPU.Build.0 = Release|Any CPU
		{C33E33C5-76D1-4224-911B-FAC6A7CE9366}.Debug|Any CPU.ActiveCfg = Debug|Any CPU
		{C33E33C5-76D1-4224-911B-FAC6A7CE9366}.Debug|Any CPU.Build.0 = Debug|Any CPU
		{C33E33C5-76D1-4224-911B-FAC6A7CE9366}.Release|Any CPU.ActiveCfg = Release|Any CPU
		{C33E33C5-76D1-4224-911B-FAC6A7CE9366}.Release|Any CPU.Build.0 = Release|Any CPU
		{8B4E3E5F-9EBA-403E-AB6E-BD7F1856599D}.Debug|Any CPU.ActiveCfg = Debug|Any CPU
		{8B4E3E5F-9EBA-403E-AB6E-BD7F1856599D}.Debug|Any CPU.Build.0 = Debug|Any CPU
		{8B4E3E5F-9EBA-403E-AB6E-BD7F1856599D}.Release|Any CPU.ActiveCfg = Release|Any CPU
		{8B4E3E5F-9EBA-403E-AB6E-BD7F1856599D}.Release|Any CPU.Build.0 = Release|Any CPU
	EndGlobalSection
	GlobalSection(SolutionProperties) = preSolution
		HideSolutionNode = FALSE
	EndGlobalSection
EndGlobal
