
Microsoft Visual Studio Solution File, Format Version 12.00
# Visual Studio 2013
VisualStudioVersion = 12.0.31101.0
MinimumVisualStudioVersion = 10.0.40219.1
Project("{FAE04EC0-301F-11D3-BF4B-00C04F79EFBC}") = "ChainOfResponsibility", "ChainOfResponsibility\ChainOfResponsibility.csproj", "{025EB280-D621-4CC7-AE71-AD0FA769F297}"
EndProject
Project("{FAE04EC0-301F-11D3-BF4B-00C04F79EFBC}") = "Try", "Try\Try.csproj", "{D504B2A5-5783-4236-9C85-1433704941FC}"
EndProject
Project("{FAE04EC0-301F-11D3-BF4B-00C04F79EFBC}") = "Mediator", "Mediator\Mediator.csproj", "{0F30FD38-0068-4D63-865C-0DECE03BFA9B}"
EndProject
Project("{FAE04EC0-301F-11D3-BF4B-00C04F79EFBC}") = "Memento", "Memento\Memento.csproj", "{443C1F34-247B-437F-ACA7-2BF69451C313}"
EndProject
Global
	GlobalSection(SolutionConfigurationPlatforms) = preSolution
		Debug|Any CPU = Debug|Any CPU
		Release|Any CPU = Release|Any CPU
	EndGlobalSection
	GlobalSection(ProjectConfigurationPlatforms) = postSolution
		{025EB280-D621-4CC7-AE71-AD0FA769F297}.Debug|Any CPU.ActiveCfg = Debug|Any CPU
		{025EB280-D621-4CC7-AE71-AD0FA769F297}.Debug|Any CPU.Build.0 = Debug|Any CPU
		{025EB280-D621-4CC7-AE71-AD0FA769F297}.Release|Any CPU.ActiveCfg = Release|Any CPU
		{025EB280-D621-4CC7-AE71-AD0FA769F297}.Release|Any CPU.Build.0 = Release|Any CPU
		{D504B2A5-5783-4236-9C85-1433704941FC}.Debug|Any CPU.ActiveCfg = Debug|Any CPU
		{D504B2A5-5783-4236-9C85-1433704941FC}.Debug|Any CPU.Build.0 = Debug|Any CPU
		{D504B2A5-5783-4236-9C85-1433704941FC}.Release|Any CPU.ActiveCfg = Release|Any CPU
		{D504B2A5-5783-4236-9C85-1433704941FC}.Release|Any CPU.Build.0 = Release|Any CPU
		{0F30FD38-0068-4D63-865C-0DECE03BFA9B}.Debug|Any CPU.ActiveCfg = Debug|Any CPU
		{0F30FD38-0068-4D63-865C-0DECE03BFA9B}.Debug|Any CPU.Build.0 = Debug|Any CPU
		{0F30FD38-0068-4D63-865C-0DECE03BFA9B}.Release|Any CPU.ActiveCfg = Release|Any CPU
		{0F30FD38-0068-4D63-865C-0DECE03BFA9B}.Release|Any CPU.Build.0 = Release|Any CPU
		{443C1F34-247B-437F-ACA7-2BF69451C313}.Debug|Any CPU.ActiveCfg = Debug|Any CPU
		{443C1F34-247B-437F-ACA7-2BF69451C313}.Debug|Any CPU.Build.0 = Debug|Any CPU
		{443C1F34-247B-437F-ACA7-2BF69451C313}.Release|Any CPU.ActiveCfg = Release|Any CPU
		{443C1F34-247B-437F-ACA7-2BF69451C313}.Release|Any CPU.Build.0 = Release|Any CPU
	EndGlobalSection
	GlobalSection(SolutionProperties) = preSolution
		HideSolutionNode = FALSE
	EndGlobalSection
EndGlobal
